Microsoft Visual Studio Solution File, Format Version 12.00
# Visual Studio Version 17
VisualStudioVersion = 17.5.2.0
MinimumVisualStudioVersion = 10.0.40219.1
Project("{2150E333-8FDC-42A3-9474-1A3956D46DE8}") = "hosted-reviewer-agent", "hosted-reviewer-agent", "{F348242A-544C-46DE-3980-03A60C714264}"
EndProject
Project("{FAE04EC0-301F-11D3-BF4B-00C04F79EFBC}") = "hostedrevieweragent", "hosted-reviewer-agent\hostedrevieweragent.csproj", "{0FEABA95-1F37-AB6B-BD1E-305CC867EEB2}"
EndProject
Global
	GlobalSection(SolutionConfigurationPlatforms) = preSolution
		Debug|Any CPU = Debug|Any CPU
		Release|Any CPU = Release|Any CPU
	EndGlobalSection
	GlobalSection(ProjectConfigurationPlatforms) = postSolution
		{0FEABA95-1F37-AB6B-BD1E-305CC867EEB2}.Debug|Any CPU.ActiveCfg = Debug|Any CPU
		{0FEABA95-1F37-AB6B-BD1E-305CC867EEB2}.Debug|Any CPU.Build.0 = Debug|Any CPU
		{0FEABA95-1F37-AB6B-BD1E-305CC867EEB2}.Release|Any CPU.ActiveCfg = Release|Any CPU
		{0FEABA95-1F37-AB6B-BD1E-305CC867EEB2}.Release|Any CPU.Build.0 = Release|Any CPU
	EndGlobalSection
	GlobalSection(SolutionProperties) = preSolution
		HideSolutionNode = FALSE
	EndGlobalSection
	GlobalSection(NestedProjects) = preSolution
		{0FEABA95-1F37-AB6B-BD1E-305CC867EEB2} = {F348242A-544C-46DE-3980-03A60C714264}
	EndGlobalSection
	GlobalSection(ExtensibilityGlobals) = postSolution
		SolutionGuid = {395E7A53-6CC5-4FC1-9F54-C7E6B0CFC518}
	EndGlobalSection
EndGlobal
